// !$*UTF8*$!
{
	archiveVersion = 1;
	classes = {
	};
	objectVersion = 77;
	objects = {

/* Begin PBXBuildFile section */
		3982953C2EFB103E00936214 /* Assets.xcassets in Resources */ = {isa = PBXBuildFile; fileRef = 398295382EFB103E00936214 /* Assets.xcassets */; };
		3982953D2EFB103E00936214 /* ContentView.swift in Sources */ = {isa = PBXBuildFile; fileRef = 398295392EFB103E00936214 /* ContentView.swift */; };
		3982955E2EFB28CA00936214 /* DayWeatherRawView.swift in Sources */ = {isa = PBXBuildFile; fileRef = 398295582EFB28CA00936214 /* DayWeatherRawView.swift */; };
		3982955F2EFB28CA00936214 /* HourWeatherRawView.swift in Sources */ = {isa = PBXBuildFile; fileRef = 398295592EFB28CA00936214 /* HourWeatherRawView.swift */; };
		398295602EFB28CA00936214 /* HourWeatherView.swift in Sources */ = {isa = PBXBuildFile; fileRef = 3982955A2EFB28CA00936214 /* HourWeatherView.swift */; };
		398295612EFB28CA00936214 /* IconWeatherView.swift in Sources */ = {isa = PBXBuildFile; fileRef = 3982955B2EFB28CA00936214 /* IconWeatherView.swift */; };
		398295622EFB28CA00936214 /* TodayWeatherView.swift in Sources */ = {isa = PBXBuildFile; fileRef = 3982955C2EFB28CA00936214 /* TodayWeatherView.swift */; };
		398295642EFB2A7B00936214 /* DayWeatherView.swift in Sources */ = {isa = PBXBuildFile; fileRef = 398295632EFB2A7B00936214 /* DayWeatherView.swift */; };
		398295692EFB2B3B00936214 /* IconWeatherEnum.swift in Sources */ = {isa = PBXBuildFile; fileRef = 398295672EFB2B3B00936214 /* IconWeatherEnum.swift */; };
		3982956C2EFB2B3E00936214 /* WeatherSDPApp.swift in Sources */ = {isa = PBXBuildFile; fileRef = 3982956A2EFB2B3E00936214 /* WeatherSDPApp.swift */; };
		3982956E2EFB2B4E00936214 /* LiquidGlassModifier.swift in Sources */ = {isa = PBXBuildFile; fileRef = 3982956D2EFB2B4E00936214 /* LiquidGlassModifier.swift */; };
/* End PBXBuildFile section */

/* Begin PBXFileReference section */
		3982952A2EEB518600936214 /* WeatherSDP.app */ = {isa = PBXFileReference; explicitFileType = wrapper.application; includeInIndex = 0; path = WeatherSDP.app; sourceTree = BUILT_PRODUCTS_DIR; };
		398295382EFB103E00936214 /* Assets.xcassets */ = {isa = PBXFileReference; lastKnownFileType = folder.assetcatalog; path = Assets.xcassets; sourceTree = "<group>"; };
		398295392EFB103E00936214 /* ContentView.swift */ = {isa = PBXFileReference; lastKnownFileType = sourcecode.swift; path = ContentView.swift; sourceTree = "<group>"; };
		398295582EFB28CA00936214 /* DayWeatherRawView.swift */ = {isa = PBXFileReference; lastKnownFileType = sourcecode.swift; path = DayWeatherRawView.swift; sourceTree = "<group>"; };
		398295592EFB28CA00936214 /* HourWeatherRawView.swift */ = {isa = PBXFileReference; lastKnownFileType = sourcecode.swift; path = HourWeatherRawView.swift; sourceTree = "<group>"; };
		3982955A2EFB28CA00936214 /* HourWeatherView.swift */ = {isa = PBXFileReference; lastKnownFileType = sourcecode.swift; path = HourWeatherView.swift; sourceTree = "<group>"; };
		3982955B2EFB28CA00936214 /* IconWeatherView.swift */ = {isa = PBXFileReference; lastKnownFileType = sourcecode.swift; path = IconWeatherView.swift; sourceTree = "<group>"; };
		3982955C2EFB28CA00936214 /* TodayWeatherView.swift */ = {isa = PBXFileReference; lastKnownFileType = sourcecode.swift; path = TodayWeatherView.swift; sourceTree = "<group>"; };
		398295632EFB2A7B00936214 /* DayWeatherView.swift */ = {isa = PBXFileReference; lastKnownFileType = sourcecode.swift; path = DayWeatherView.swift; sourceTree = "<group>"; };
		398295672EFB2B3B00936214 /* IconWeatherEnum.swift */ = {isa = PBXFileReference; lastKnownFileType = sourcecode.swift; path = IconWeatherEnum.swift; sourceTree = "<group>"; };
		3982956A2EFB2B3E00936214 /* WeatherSDPApp.swift */ = {isa = PBXFileReference; lastKnownFileType = sourcecode.swift; path = WeatherSDPApp.swift; sourceTree = "<group>"; };
		3982956D2EFB2B4E00936214 /* LiquidGlassModifier.swift */ = {isa = PBXFileReference; lastKnownFileType = sourcecode.swift; path = LiquidGlassModifier.swift; sourceTree = "<group>"; };
/* End PBXFileReference section */

/* Begin PBXFrameworksBuildPhase section */
		398295272EEB518600936214 /* Frameworks */ = {
			isa = PBXFrameworksBuildPhase;
			buildActionMask = 2147483647;
			files = (
			);
			runOnlyForDeploymentPostprocessing = 0;
		};
/* End PBXFrameworksBuildPhase section */

/* Begin PBXGroup section */
		398295212EEB518600936214 = {
			isa = PBXGroup;
			children = (
				3982953B2EFB103E00936214 /* WeatherSDP */,
				3982952B2EEB518600936214 /* Products */,
			);
			sourceTree = "<group>";
		};
		3982952B2EEB518600936214 /* Products */ = {
			isa = PBXGroup;
			children = (
				3982952A2EEB518600936214 /* WeatherSDP.app */,
			);
			name = Products;
			sourceTree = "<group>";
		};
		3982953B2EFB103E00936214 /* WeatherSDP */ = {
			isa = PBXGroup;
			children = (
				398295392EFB103E00936214 /* ContentView.swift */,
				3982955D2EFB28CA00936214 /* Components */,
				398295662EFB2B3800936214 /* Modifiers */,
				398295682EFB2B3B00936214 /* Enum */,
				3982956B2EFB2B3E00936214 /* System */,
				398295382EFB103E00936214 /* Assets.xcassets */,
			);
			path = WeatherSDP;
			sourceTree = "<group>";
		};
		3982955D2EFB28CA00936214 /* Components */ = {
			isa = PBXGroup;
			children = (
				398295632EFB2A7B00936214 /* DayWeatherView.swift */,
				398295582EFB28CA00936214 /* DayWeatherRawView.swift */,
				3982955A2EFB28CA00936214 /* HourWeatherView.swift */,
				398295592EFB28CA00936214 /* HourWeatherRawView.swift */,
				3982955B2EFB28CA00936214 /* IconWeatherView.swift */,
				3982955C2EFB28CA00936214 /* TodayWeatherView.swift */,
			);
			path = Components;
			sourceTree = "<group>";
		};
		398295662EFB2B3800936214 /* Modifiers */ = {
			isa = PBXGroup;
			children = (
				3982956D2EFB2B4E00936214 /* LiquidGlassModifier.swift */,
			);
			path = Modifiers;
			sourceTree = "<group>";
		};
		398295682EFB2B3B00936214 /* Enum */ = {
			isa = PBXGroup;
			children = (
				398295672EFB2B3B00936214 /* IconWeatherEnum.swift */,
			);
			path = Enum;
			sourceTree = "<group>";
		};
		3982956B2EFB2B3E00936214 /* System */ = {
			isa = PBXGroup;
			children = (
				3982956A2EFB2B3E00936214 /* WeatherSDPApp.swift */,
			);
			path = System;
			sourceTree = "<group>";
		};
/* End PBXGroup section */

/* Begin PBXNativeTarget section */
		398295292EEB518600936214 /* WeatherSDP */ = {
			isa = PBXNativeTarget;
			buildConfigurationList = 398295352EEB518700936214 /* Build configuration list for PBXNativeTarget "WeatherSDP" */;
			buildPhases = (
				398295262EEB518600936214 /* Sources */,
				398295272EEB518600936214 /* Frameworks */,
				398295282EEB518600936214 /* Resources */,
			);
			buildRules = (
			);
			dependencies = (
			);
			name = WeatherSDP;
			packageProductDependencies = (
			);
			productName = WeatherSDP;
			productReference = 3982952A2EEB518600936214 /* WeatherSDP.app */;
			productType = "com.apple.product-type.application";
		};
/* End PBXNativeTarget section */

/* Begin PBXProject section */
		398295222EEB518600936214 /* Project object */ = {
			isa = PBXProject;
			attributes = {
				BuildIndependentTargetsInParallel = 1;
				LastSwiftUpdateCheck = 2610;
				LastUpgradeCheck = 2610;
				TargetAttributes = {
					398295292EEB518600936214 = {
						CreatedOnToolsVersion = 26.1.1;
					};
				};
			};
			buildConfigurationList = 398295252EEB518600936214 /* Build configuration list for PBXProject "WeatherSDP" */;
			developmentRegion = en;
			hasScannedForEncodings = 0;
			knownRegions = (
				en,
				Base,
			);
			mainGroup = 398295212EEB518600936214;
			minimizedProjectReferenceProxies = 1;
			preferredProjectObjectVersion = 77;
			productRefGroup = 3982952B2EEB518600936214 /* Products */;
			projectDirPath = "";
			projectRoot = "";
			targets = (
				398295292EEB518600936214 /* WeatherSDP */,
			);
		};
/* End PBXProject section */

/* Begin PBXResourcesBuildPhase section */
		398295282EEB518600936214 /* Resources */ = {
			isa = PBXResourcesBuildPhase;
			buildActionMask = 2147483647;
			files = (
				3982953C2EFB103E00936214 /* Assets.xcassets in Resources */,
			);
			runOnlyForDeploymentPostprocessing = 0;
		};
/* End PBXResourcesBuildPhase section */

/* Begin PBXSourcesBuildPhase section */
		398295262EEB518600936214 /* Sources */ = {
			isa = PBXSourcesBuildPhase;
			buildActionMask = 2147483647;
			files = (
				3982953D2EFB103E00936214 /* ContentView.swift in Sources */,
				398295642EFB2A7B00936214 /* DayWeatherView.swift in Sources */,
				3982955E2EFB28CA00936214 /* DayWeatherRawView.swift in Sources */,
				3982955F2EFB28CA00936214 /* HourWeatherRawView.swift in Sources */,
				398295602EFB28CA00936214 /* HourWeatherView.swift in Sources */,
				3982956E2EFB2B4E00936214 /* LiquidGlassModifier.swift in Sources */,
				398295612EFB28CA00936214 /* IconWeatherView.swift in Sources */,
				3982956C2EFB2B3E00936214 /* WeatherSDPApp.swift in Sources */,
				398295622EFB28CA00936214 /* TodayWeatherView.swift in Sources */,
				398295692EFB2B3B00936214 /* IconWeatherEnum.swift in Sources */,
			);
			runOnlyForDeploymentPostprocessing = 0;
		};
/* End PBXSourcesBuildPhase section */

/* Begin XCBuildConfiguration section */
		398295332EEB518700936214 /* Debug */ = {
			isa = XCBuildConfiguration;
			buildSettings = {
				ALWAYS_SEARCH_USER_PATHS = NO;
				ASSETCATALOG_COMPILER_GENERATE_SWIFT_ASSET_SYMBOL_EXTENSIONS = YES;
				CLANG_ANALYZER_NONNULL = YES;
				CLANG_ANALYZER_NUMBER_OBJECT_CONVERSION = YES_AGGRESSIVE;
				CLANG_CXX_LANGUAGE_STANDARD = "gnu++20";
				CLANG_ENABLE_MODULES = YES;
				CLANG_ENABLE_OBJC_ARC = YES;
				CLANG_ENABLE_OBJC_WEAK = YES;
				CLANG_WARN_BLOCK_CAPTURE_AUTORELEASING = YES;
				CLANG_WARN_BOOL_CONVERSION = YES;
				CLANG_WARN_COMMA = YES;
				CLANG_WARN_CONSTANT_CONVERSION = YES;
				CLANG_WARN_DEPRECATED_OBJC_IMPLEMENTATIONS = YES;
				CLANG_WARN_DIRECT_OBJC_ISA_USAGE = YES_ERROR;
				CLANG_WARN_DOCUMENTATION_COMMENTS = YES;
				CLANG_WARN_EMPTY_BODY = YES;
				CLANG_WARN_ENUM_CONVERSION = YES;
				CLANG_WARN_INFINITE_RECURSION = YES;
				CLANG_WARN_INT_CONVERSION = YES;
				CLANG_WARN_NON_LITERAL_NULL_CONVERSION = YES;
				CLANG_WARN_OBJC_IMPLICIT_RETAIN_SELF = YES;
				CLANG_WARN_OBJC_LITERAL_CONVERSION = YES;
				CLANG_WARN_OBJC_ROOT_CLASS = YES_ERROR;
				CLANG_WARN_QUOTED_INCLUDE_IN_FRAMEWORK_HEADER = YES;
				CLANG_WARN_RANGE_LOOP_ANALYSIS = YES;
				CLANG_WARN_STRICT_PROTOTYPES = YES;
				CLANG_WARN_SUSPICIOUS_MOVE = YES;
				CLANG_WARN_UNGUARDED_AVAILABILITY = YES_AGGRESSIVE;
				CLANG_WARN_UNREACHABLE_CODE = YES;
				CLANG_WARN__DUPLICATE_METHOD_MATCH = YES;
				COPY_PHASE_STRIP = NO;
				DEBUG_INFORMATION_FORMAT = dwarf;
				DEVELOPMENT_TEAM = AZRCQMBTMA;
				ENABLE_STRICT_OBJC_MSGSEND = YES;
				ENABLE_TESTABILITY = YES;
				ENABLE_USER_SCRIPT_SANDBOXING = YES;
				GCC_C_LANGUAGE_STANDARD = gnu17;
				GCC_DYNAMIC_NO_PIC = NO;
				GCC_NO_COMMON_BLOCKS = YES;
				GCC_OPTIMIZATION_LEVEL = 0;
				GCC_PREPROCESSOR_DEFINITIONS = (
					"DEBUG=1",
					"$(inherited)",
				);
				GCC_WARN_64_TO_32_BIT_CONVERSION = YES;
				GCC_WARN_ABOUT_RETURN_TYPE = YES_ERROR;
				GCC_WARN_UNDECLARED_SELECTOR = YES;
				GCC_WARN_UNINITIALIZED_AUTOS = YES_AGGRESSIVE;
				GCC_WARN_UNUSED_FUNCTION = YES;
				GCC_WARN_UNUSED_VARIABLE = YES;
				IPHONEOS_DEPLOYMENT_TARGET = 26.1;
				LOCALIZATION_PREFERS_STRING_CATALOGS = YES;
				MTL_ENABLE_DEBUG_INFO = INCLUDE_SOURCE;
				MTL_FAST_MATH = YES;
				ONLY_ACTIVE_ARCH = YES;
				SDKROOT = iphoneos;
				SWIFT_ACTIVE_COMPILATION_CONDITIONS = "DEBUG $(inherited)";
				SWIFT_OPTIMIZATION_LEVEL = "-Onone";
			};
			name = Debug;
		};
		398295342EEB518700936214 /* Release */ = {
			isa = XCBuildConfiguration;
			buildSettings = {
				ALWAYS_SEARCH_USER_PATHS = NO;
				ASSETCATALOG_COMPILER_GENERATE_SWIFT_ASSET_SYMBOL_EXTENSIONS = YES;
				CLANG_ANALYZER_NONNULL = YES;
				CLANG_ANALYZER_NUMBER_OBJECT_CONVERSION = YES_AGGRESSIVE;
				CLANG_CXX_LANGUAGE_STANDARD = "gnu++20";
				CLANG_ENABLE_MODULES = YES;
				CLANG_ENABLE_OBJC_ARC = YES;
				CLANG_ENABLE_OBJC_WEAK = YES;
				CLANG_WARN_BLOCK_CAPTURE_AUTORELEASING = YES;
				CLANG_WARN_BOOL_CONVERSION = YES;
				CLANG_WARN_COMMA = YES;
				CLANG_WARN_CONSTANT_CONVERSION = YES;
				CLANG_WARN_DEPRECATED_OBJC_IMPLEMENTATIONS = YES;
				CLANG_WARN_DIRECT_OBJC_ISA_USAGE = YES_ERROR;
				CLANG_WARN_DOCUMENTATION_COMMENTS = YES;
				CLANG_WARN_EMPTY_BODY = YES;
				CLANG_WARN_ENUM_CONVERSION = YES;
				CLANG_WARN_INFINITE_RECURSION = YES;
				CLANG_WARN_INT_CONVERSION = YES;
				CLANG_WARN_NON_LITERAL_NULL_CONVERSION = YES;
				CLANG_WARN_OBJC_IMPLICIT_RETAIN_SELF = YES;
				CLANG_WARN_OBJC_LITERAL_CONVERSION = YES;
				CLANG_WARN_OBJC_ROOT_CLASS = YES_ERROR;
				CLANG_WARN_QUOTED_INCLUDE_IN_FRAMEWORK_HEADER = YES;
				CLANG_WARN_RANGE_LOOP_ANALYSIS = YES;
				CLANG_WARN_STRICT_PROTOTYPES = YES;
				CLANG_WARN_SUSPICIOUS_MOVE = YES;
				CLANG_WARN_UNGUARDED_AVAILABILITY = YES_AGGRESSIVE;
				CLANG_WARN_UNREACHABLE_CODE = YES;
				CLANG_WARN__DUPLICATE_METHOD_MATCH = YES;
				COPY_PHASE_STRIP = NO;
				DEBUG_INFORMATION_FORMAT = "dwarf-with-dsym";
				DEVELOPMENT_TEAM = AZRCQMBTMA;
				ENABLE_NS_ASSERTIONS = NO;
				ENABLE_STRICT_OBJC_MSGSEND = YES;
				ENABLE_USER_SCRIPT_SANDBOXING = YES;
				GCC_C_LANGUAGE_STANDARD = gnu17;
				GCC_NO_COMMON_BLOCKS = YES;
				GCC_WARN_64_TO_32_BIT_CONVERSION = YES;
				GCC_WARN_ABOUT_RETURN_TYPE = YES_ERROR;
				GCC_WARN_UNDECLARED_SELECTOR = YES;
				GCC_WARN_UNINITIALIZED_AUTOS = YES_AGGRESSIVE;
				GCC_WARN_UNUSED_FUNCTION = YES;
				GCC_WARN_UNUSED_VARIABLE = YES;
				IPHONEOS_DEPLOYMENT_TARGET = 26.1;
				LOCALIZATION_PREFERS_STRING_CATALOGS = YES;
				MTL_ENABLE_DEBUG_INFO = NO;
				MTL_FAST_MATH = YES;
				SDKROOT = iphoneos;
				SWIFT_COMPILATION_MODE = wholemodule;
				VALIDATE_PRODUCT = YES;
			};
			name = Release;
		};
		398295362EEB518700936214 /* Debug */ = {
			isa = XCBuildConfiguration;
			buildSettings = {
				ASSETCATALOG_COMPILER_APPICON_NAME = AppIcon;
				ASSETCATALOG_COMPILER_GLOBAL_ACCENT_COLOR_NAME = AccentColor;
				CODE_SIGN_STYLE = Automatic;
				CURRENT_PROJECT_VERSION = 1;
				DEVELOPMENT_TEAM = AZRCQMBTMA;
				ENABLE_PREVIEWS = YES;
				GENERATE_INFOPLIST_FILE = YES;
				INFOPLIST_KEY_UIApplicationSceneManifest_Generation = YES;
				INFOPLIST_KEY_UIApplicationSupportsIndirectInputEvents = YES;
				INFOPLIST_KEY_UILaunchScreen_Generation = YES;
				INFOPLIST_KEY_UISupportedInterfaceOrientations_iPad = "UIInterfaceOrientationPortrait UIInterfaceOrientationPortraitUpsideDown UIInterfaceOrientationLandscapeLeft UIInterfaceOrientationLandscapeRight";
				INFOPLIST_KEY_UISupportedInterfaceOrientations_iPhone = "UIInterfaceOrientationPortrait UIInterfaceOrientationLandscapeLeft UIInterfaceOrientationLandscapeRight";
				LD_RUNPATH_SEARCH_PATHS = (
					"$(inherited)",
					"@executable_path/Frameworks",
				);
				MARKETING_VERSION = 1.0;
				PRODUCT_BUNDLE_IDENTIFIER = com.WeatherSDP;
				PRODUCT_NAME = "$(TARGET_NAME)";
				STRING_CATALOG_GENERATE_SYMBOLS = YES;
				SWIFT_APPROACHABLE_CONCURRENCY = YES;
				SWIFT_DEFAULT_ACTOR_ISOLATION = MainActor;
				SWIFT_EMIT_LOC_STRINGS = YES;
				SWIFT_UPCOMING_FEATURE_MEMBER_IMPORT_VISIBILITY = YES;
				SWIFT_VERSION = 5.0;
				TARGETED_DEVICE_FAMILY = "1,2";
			};
			name = Debug;
		};
		398295372EEB518700936214 /* Release */ = {
			isa = XCBuildConfiguration;
			buildSettings = {
				ASSETCATALOG_COMPILER_APPICON_NAME = AppIcon;
				ASSETCATALOG_COMPILER_GLOBAL_ACCENT_COLOR_NAME = AccentColor;
				CODE_SIGN_STYLE = Automatic;
				CURRENT_PROJECT_VERSION = 1;
				DEVELOPMENT_TEAM = AZRCQMBTMA;
				ENABLE_PREVIEWS = YES;
				GENERATE_INFOPLIST_FILE = YES;
				INFOPLIST_KEY_UIApplicationSceneManifest_Generation = YES;
				INFOPLIST_KEY_UIApplicationSupportsIndirectInputEvents = YES;
				INFOPLIST_KEY_UILaunchScreen_Generation = YES;
				INFOPLIST_KEY_UISupportedInterfaceOrientations_iPad = "UIInterfaceOrientationPortrait UIInterfaceOrientationPortraitUpsideDown UIInterfaceOrientationLandscapeLeft UIInterfaceOrientationLandscapeRight";
				INFOPLIST_KEY_UISupportedInterfaceOrientations_iPhone = "UIInterfaceOrientationPortrait UIInterfaceOrientationLandscapeLeft UIInterfaceOrientationLandscapeRight";
				LD_RUNPATH_SEARCH_PATHS = (
					"$(inherited)",
					"@executable_path/Frameworks",
				);
				MARKETING_VERSION = 1.0;
				PRODUCT_BUNDLE_IDENTIFIER = com.WeatherSDP;
				PRODUCT_NAME = "$(TARGET_NAME)";
				STRING_CATALOG_GENERATE_SYMBOLS = YES;
				SWIFT_APPROACHABLE_CONCURRENCY = YES;
				SWIFT_DEFAULT_ACTOR_ISOLATION = MainActor;
				SWIFT_EMIT_LOC_STRINGS = YES;
				SWIFT_UPCOMING_FEATURE_MEMBER_IMPORT_VISIBILITY = YES;
				SWIFT_VERSION = 5.0;
				TARGETED_DEVICE_FAMILY = "1,2";
			};
			name = Release;
		};
/* End XCBuildConfiguration section */

/* Begin XCConfigurationList section */
		398295252EEB518600936214 /* Build configuration list for PBXProject "WeatherSDP" */ = {
			isa = XCConfigurationList;
			buildConfigurations = (
				398295332EEB518700936214 /* Debug */,
				398295342EEB518700936214 /* Release */,
			);
			defaultConfigurationIsVisible = 0;
			defaultConfigurationName = Release;
		};
		398295352EEB518700936214 /* Build configuration list for PBXNativeTarget "WeatherSDP" */ = {
			isa = XCConfigurationList;
			buildConfigurations = (
				398295362EEB518700936214 /* Debug */,
				398295372EEB518700936214 /* Release */,
			);
			defaultConfigurationIsVisible = 0;
			defaultConfigurationName = Release;
		};
/* End XCConfigurationList section */
	};
	rootObject = 398295222EEB518600936214 /* Project object */;
}
